dependencies:
- name: postgres
  repository: https://groundhog2k.github.io/helm-charts
  version: 1.6.7
- name: oauth2-proxy
  repository: https://oauth2-proxy.github.io/manifests
  version: 10.7.1
digest: sha256:82ef3a2ce135a470bebc21d44c7e378ee689dabf8394d6e704cd2e9b536a250e
generated: "2026-10-02T15:55:26.442150578+01:00"
