dependencies:
- name: postgresql
  repository: https://charts.bitnami.com/bitnami
  version: 18.0.14
- name: oauth2-proxy
  repository: https://oauth2-proxy.github.io/manifests/
  version: 7.5.1
digest: sha256:3afe9b453d2574b1c5f338e6d770c800ebc8c318b6a14fdc2109d2bc09dbd6fa
generated: "2025-10-15T14:22:17.089234852+01:00"
